
Microsoft Visual Studio Solution File, Format Version 12.00
# Visual Studio Version 17
VisualStudioVersion = 17.10.35027.167
MinimumVisualStudioVersion = 10.0.40219.1
Project("{FAE04EC0-301F-11D3-BF4B-00C04F79EFBC}") = "progressBar", "progressBar\progressBar.csproj", "{C200BB2B-FF0B-48AC-A142-449A866035FB}"
EndProject
Global
	GlobalSection(SolutionConfigurationPlatforms) = preSolution
		Debug|Any CPU = Debug|Any CPU
		Release|Any CPU = Release|Any CPU
	EndGlobalSection
	GlobalSection(ProjectConfigurationPlatforms) = postSolution
		{C200BB2B-FF0B-48AC-A142-449A866035FB}.Debug|Any CPU.ActiveCfg = Debug|Any CPU
		{C200BB2B-FF0B-48AC-A142-449A866035FB}.Debug|Any CPU.Build.0 = Debug|Any CPU
		{C200BB2B-FF0B-48AC-A142-449A866035FB}.Release|Any CPU.ActiveCfg = Release|Any CPU
		{C200BB2B-FF0B-48AC-A142-449A866035FB}.Release|Any CPU.Build.0 = Release|Any CPU
	EndGlobalSection
	GlobalSection(SolutionProperties) = preSolution
		HideSolutionNode = FALSE
	EndGlobalSection
	GlobalSection(ExtensibilityGlobals) = postSolution
		SolutionGuid = {8267573A-31FD-478F-B205-6DF1EE55EFE3}
	EndGlobalSection
EndGlobal
